// !$*UTF8*$!
{
	archiveVersion = 1;
	classes = {
	};
	objectVersion = 46;
	objects = {

/* Begin PBXBuildFile section */
		A356073B1DE00D1F004B4D3C /* AppDelegate.swift in Sources */ = {isa = PBXBuildFile; fileRef = A356073A1DE00D1F004B4D3C /* AppDelegate.swift */; };
		A35607401DE00D20004B4D3C /* Main.storyboard in Resources */ = {isa = PBXBuildFile; fileRef = A356073E1DE00D20004B4D3C /* Main.storyboard */; };
		A35607421DE00D20004B4D3C /* Assets.xcassets in Resources */ = {isa = PBXBuildFile; fileRef = A35607411DE00D20004B4D3C /* Assets.xcassets */; };
		A35607451DE00D20004B4D3C /* LaunchScreen.storyboard in Resources */ = {isa = PBXBuildFile; fileRef = A35607431DE00D20004B4D3C /* LaunchScreen.storyboard */; };
		A356074D1DE016D2004B4D3C /* ProductViewController.swift in Sources */ = {isa = PBXBuildFile; fileRef = A356074C1DE016D1004B4D3C /* ProductViewController.swift */; };
		A356074F1DE07C98004B4D3C /* ContactViewController.swift in Sources */ = {isa = PBXBuildFile; fileRef = A356074E1DE07C98004B4D3C /* ContactViewController.swift */; };
		A38130071DEB5BE2003DD5B8 /* ProductsTableViewController.swift in Sources */ = {isa = PBXBuildFile; fileRef = A38130061DEB5BE2003DD5B8 /* ProductsTableViewController.swift */; };
/* End PBXBuildFile section */

/* Begin PBXFileReference section */
		A35607371DE00D1F004B4D3C /* GoodAsOldPhones.app */ = {isa = PBXFileReference; explicitFileType = wrapper.application; includeInIndex = 0; path = GoodAsOldPhones.app; sourceTree = BUILT_PRODUCTS_DIR; };
		A356073A1DE00D1F004B4D3C /* AppDelegate.swift */ = {isa = PBXFileReference; lastKnownFileType = sourcecode.swift; path = AppDelegate.swift; sourceTree = "<group>"; };
		A356073F1DE00D20004B4D3C /* Base */ = {isa = PBXFileReference; lastKnownFileType = file.storyboard; name = Base; path = Base.lproj/Main.storyboard; sourceTree = "<group>"; };
		A35607411DE00D20004B4D3C /* Assets.xcassets */ = {isa = PBXFileReference; lastKnownFileType = folder.assetcatalog; path = Assets.xcassets; sourceTree = "<group>"; };
		A35607441DE00D20004B4D3C /* Base */ = {isa = PBXFileReference; lastKnownFileType = file.storyboard; name = Base; path = Base.lproj/LaunchScreen.storyboard; sourceTree = "<group>"; };
		A35607461DE00D20004B4D3C /* Info.plist */ = {isa = PBXFileReference; lastKnownFileType = text.plist.xml; path = Info.plist; sourceTree = "<group>"; };
		A356074C1DE016D1004B4D3C /* ProductViewController.swift */ = {isa = PBXFileReference; fileEncoding = 4; lastKnownFileType = sourcecode.swift; path = ProductViewController.swift; sourceTree = "<group>"; };
		A356074E1DE07C98004B4D3C /* ContactViewController.swift */ = {isa = PBXFileReference; fileEncoding = 4; lastKnownFileType = sourcecode.swift; path = ContactViewController.swift; sourceTree = "<group>"; };
		A38130061DEB5BE2003DD5B8 /* ProductsTableViewController.swift */ = {isa = PBXFileReference; fileEncoding = 4; lastKnownFileType = sourcecode.swift; path = ProductsTableViewController.swift; sourceTree = "<group>"; };
/* End PBXFileReference section */

/* Begin PBXFrameworksBuildPhase section */
		A35607341DE00D1F004B4D3C /* Frameworks */ = {
			isa = PBXFrameworksBuildPhase;
			buildActionMask = 2147483647;
			files = (
			);
			runOnlyForDeploymentPostprocessing = 0;
		};
/* End PBXFrameworksBuildPhase section */

/* Begin PBXGroup section */
		A356072E1DE00D1F004B4D3C = {
			isa = PBXGroup;
			children = (
				A35607391DE00D1F004B4D3C /* GoodAsOldPhones */,
				A35607381DE00D1F004B4D3C /* Products */,
			);
			sourceTree = "<group>";
		};
		A35607381DE00D1F004B4D3C /* Products */ = {
			isa = PBXGroup;
			children = (
				A35607371DE00D1F004B4D3C /* GoodAsOldPhones.app */,
			);
			name = Products;
			sourceTree = "<group>";
		};
		A35607391DE00D1F004B4D3C /* GoodAsOldPhones */ = {
			isa = PBXGroup;
			children = (
				A356073A1DE00D1F004B4D3C /* AppDelegate.swift */,
				A356073E1DE00D20004B4D3C /* Main.storyboard */,
				A35607411DE00D20004B4D3C /* Assets.xcassets */,
				A35607431DE00D20004B4D3C /* LaunchScreen.storyboard */,
				A35607461DE00D20004B4D3C /* Info.plist */,
				A356074C1DE016D1004B4D3C /* ProductViewController.swift */,
				A356074E1DE07C98004B4D3C /* ContactViewController.swift */,
				A38130061DEB5BE2003DD5B8 /* ProductsTableViewController.swift */,
			);
			path = GoodAsOldPhones;
			sourceTree = "<group>";
		};
/* End PBXGroup section */

/* Begin PBXNativeTarget section */
		A35607361DE00D1F004B4D3C /* GoodAsOldPhones */ = {
			isa = PBXNativeTarget;
			buildConfigurationList = A35607491DE00D20004B4D3C /* Build configuration list for PBXNativeTarget "GoodAsOldPhones" */;
			buildPhases = (
				A35607331DE00D1F004B4D3C /* Sources */,
				A35607341DE00D1F004B4D3C /* Frameworks */,
				A35607351DE00D1F004B4D3C /* Resources */,
			);
			buildRules = (
			);
			dependencies = (
			);
			name = GoodAsOldPhones;
			productName = GoodAsOldPhones;
			productReference = A35607371DE00D1F004B4D3C /* GoodAsOldPhones.app */;
			productType = "com.apple.product-type.application";
		};
/* End PBXNativeTarget section */

/* Begin PBXProject section */
		A356072F1DE00D1F004B4D3C /* Project object */ = {
			isa = PBXProject;
			attributes = {
				LastSwiftUpdateCheck = 0800;
				LastUpgradeCheck = 0810;
				ORGANIZATIONNAME = "Esther Rios";
				TargetAttributes = {
					A35607361DE00D1F004B4D3C = {
						CreatedOnToolsVersion = 8.0;
						ProvisioningStyle = Automatic;
					};
				};
			};
			buildConfigurationList = A35607321DE00D1F004B4D3C /* Build configuration list for PBXProject "GoodAsOldPhones" */;
			compatibilityVersion = "Xcode 3.2";
			developmentRegion = English;
			hasScannedForEncodings = 0;
			knownRegions = (
				en,
				Base,
			);
			mainGroup = A356072E1DE00D1F004B4D3C;
			productRefGroup = A35607381DE00D1F004B4D3C /* Products */;
			projectDirPath = "";
			projectRoot = "";
			targets = (
				A35607361DE00D1F004B4D3C /* GoodAsOldPhones */,
			);
		};
/* End PBXProject section */

/* Begin PBXResourcesBuildPhase section */
		A35607351DE00D1F004B4D3C /* Resources */ = {
			isa = PBXResourcesBuildPhase;
			buildActionMask = 2147483647;
			files = (
				A35607451DE00D20004B4D3C /* LaunchScreen.storyboard in Resources */,
				A35607421DE00D20004B4D3C /* Assets.xcassets in Resources */,
				A35607401DE00D20004B4D3C /* Main.storyboard in Resources */,
			);
			runOnlyForDeploymentPostprocessing = 0;
		};
/* End PBXResourcesBuildPhase section */

/* Begin PBXSourcesBuildPhase section */
		A35607331DE00D1F004B4D3C /* Sources */ = {
			isa = PBXSourcesBuildPhase;
			buildActionMask = 2147483647;
			files = (
				A356074D1DE016D2004B4D3C /* ProductViewController.swift in Sources */,
				A38130071DEB5BE2003DD5B8 /* ProductsTableViewController.swift in Sources */,
				A356073B1DE00D1F004B4D3C /* AppDelegate.swift in Sources */,
				A356074F1DE07C98004B4D3C /* ContactViewController.swift in Sources */,
			);
			runOnlyForDeploymentPostprocessing = 0;
		};
/* End PBXSourcesBuildPhase section */

/* Begin PBXVariantGroup section */
		A356073E1DE00D20004B4D3C /* Main.storyboard */ = {
			isa = PBXVariantGroup;
			children = (
				A356073F1DE00D20004B4D3C /* Base */,
			);
			name = Main.storyboard;
			sourceTree = "<group>";
		};
		A35607431DE00D20004B4D3C /* LaunchScreen.storyboard */ = {
			isa = PBXVariantGroup;
			children = (
				A35607441DE00D20004B4D3C /* Base */,
			);
			name = LaunchScreen.storyboard;
			sourceTree = "<group>";
		};
/* End PBXVariantGroup section */

/* Begin XCBuildConfiguration section */
		A35607471DE00D20004B4D3C /* Debug */ = {
			isa = XCBuildConfiguration;
			buildSettings = {
				ALWAYS_SEARCH_USER_PATHS = NO;
				CLANG_ANALYZER_NONNULL = YES;
				CLANG_CXX_LANGUAGE_STANDARD = "gnu++0x";
				CLANG_CXX_LIBRARY = "libc++";
				CLANG_ENABLE_MODULES = YES;
				CLANG_ENABLE_OBJC_ARC = YES;
				CLANG_WARN_BOOL_CONVERSION = YES;
				CLANG_WARN_CONSTANT_CONVERSION = YES;
				CLANG_WARN_DIRECT_OBJC_ISA_USAGE = YES_ERROR;
				CLANG_WARN_DOCUMENTATION_COMMENTS = YES;
				CLANG_WARN_EMPTY_BODY = YES;
				CLANG_WARN_ENUM_CONVERSION = YES;
				CLANG_WARN_INFINITE_RECURSION = YES;
				CLANG_WARN_INT_CONVERSION = YES;
				CLANG_WARN_OBJC_ROOT_CLASS = YES_ERROR;
				CLANG_WARN_SUSPICIOUS_MOVE = YES;
				CLANG_WARN_SUSPICIOUS_MOVES = YES;
				CLANG_WARN_UNREACHABLE_CODE = YES;
				CLANG_WARN__DUPLICATE_METHOD_MATCH = YES;
				"CODE_SIGN_IDENTITY[sdk=iphoneos*]" = "iPhone Developer";
				COPY_PHASE_STRIP = NO;
				DEBUG_INFORMATION_FORMAT = dwarf;
				ENABLE_STRICT_OBJC_MSGSEND = YES;
				ENABLE_TESTABILITY = YES;
				GCC_C_LANGUAGE_STANDARD = gnu99;
				GCC_DYNAMIC_NO_PIC = NO;
				GCC_NO_COMMON_BLOCKS = YES;
				GCC_OPTIMIZATION_LEVEL = 0;
				GCC_PREPROCESSOR_DEFINITIONS = (
					"DEBUG=1",
					"$(inherited)",
				);
				GCC_WARN_64_TO_32_BIT_CONVERSION = YES;
				GCC_WARN_ABOUT_RETURN_TYPE = YES_ERROR;
				GCC_WARN_UNDECLARED_SELECTOR = YES;
				GCC_WARN_UNINITIALIZED_AUTOS = YES_AGGRESSIVE;
				GCC_WARN_UNUSED_FUNCTION = YES;
				GCC_WARN_UNUSED_VARIABLE = YES;
				IPHONEOS_DEPLOYMENT_TARGET = 10.0;
				MTL_ENABLE_DEBUG_INFO = YES;
				ONLY_ACTIVE_ARCH = YES;
				SDKROOT = iphoneos;
				SWIFT_ACTIVE_COMPILATION_CONDITIONS = DEBUG;
				SWIFT_OPTIMIZATION_LEVEL = "-Onone";
			};
			name = Debug;
		};
		A35607481DE00D20004B4D3C /* Release */ = {
			isa = XCBuildConfiguration;
			buildSettings = {
				ALWAYS_SEARCH_USER_PATHS = NO;
				CLANG_ANALYZER_NONNULL = YES;
				CLANG_CXX_LANGUAGE_STANDARD = "gnu++0x";
				CLANG_CXX_LIBRARY = "libc++";
				CLANG_ENABLE_MODULES = YES;
				CLANG_ENABLE_OBJC_ARC = YES;
				CLANG_WARN_BOOL_CONVERSION = YES;
				CLANG_WARN_CONSTANT_CONVERSION = YES;
				CLANG_WARN_DIRECT_OBJC_ISA_USAGE = YES_ERROR;
				CLANG_WARN_DOCUMENTATION_COMMENTS = YES;
				CLANG_WARN_EMPTY_BODY = YES;
				CLANG_WARN_ENUM_CONVERSION = YES;
				CLANG_WARN_INFINITE_RECURSION = YES;
				CLANG_WARN_INT_CONVERSION = YES;
				CLANG_WARN_OBJC_ROOT_CLASS = YES_ERROR;
				CLANG_WARN_SUSPICIOUS_MOVE = YES;
				CLANG_WARN_SUSPICIOUS_MOVES = YES;
				CLANG_WARN_UNREACHABLE_CODE = YES;
				CLANG_WARN__DUPLICATE_METHOD_MATCH = YES;
				"CODE_SIGN_IDENTITY[sdk=iphoneos*]" = "iPhone Developer";
				COPY_PHASE_STRIP = NO;
				DEBUG_INFORMATION_FORMAT = "dwarf-with-dsym";
				ENABLE_NS_ASSERTIONS = NO;
				ENABLE_STRICT_OBJC_MSGSEND = YES;
				GCC_C_LANGUAGE_STANDARD = gnu99;
				GCC_NO_COMMON_BLOCKS = YES;
				GCC_WARN_64_TO_32_BIT_CONVERSION = YES;
				GCC_WARN_ABOUT_RETURN_TYPE = YES_ERROR;
				GCC_WARN_UNDECLARED_SELECTOR = YES;
				GCC_WARN_UNINITIALIZED_AUTOS = YES_AGGRESSIVE;
				GCC_WARN_UNUSED_FUNCTION = YES;
				GCC_WARN_UNUSED_VARIABLE = YES;
				IPHONEOS_DEPLOYMENT_TARGET = 10.0;
				MTL_ENABLE_DEBUG_INFO = NO;
				SDKROOT = iphoneos;
				SWIFT_OPTIMIZATION_LEVEL = "-Owholemodule";
				VALIDATE_PRODUCT = YES;
			};
			name = Release;
		};
		A356074A1DE00D20004B4D3C /* Debug */ = {
			isa = XCBuildConfiguration;
			buildSettings = {
				ASSETCATALOG_COMPILER_APPICON_NAME = AppIcon;
				INFOPLIST_FILE = GoodAsOldPhones/Info.plist;
				LD_RUNPATH_SEARCH_PATHS = "$(inherited) @executable_path/Frameworks";
				PRODUCT_BUNDLE_IDENTIFIER = com.erios.GoodAsOldPhones;
				PRODUCT_NAME = "$(TARGET_NAME)";
				SWIFT_VERSION = 3.0;
			};
			name = Debug;
		};
		A356074B1DE00D20004B4D3C /* Release */ = {
			isa = XCBuildConfiguration;
			buildSettings = {
				ASSETCATALOG_COMPILER_APPICON_NAME = AppIcon;
				INFOPLIST_FILE = GoodAsOldPhones/Info.plist;
				LD_RUNPATH_SEARCH_PATHS = "$(inherited) @executable_path/Frameworks";
				PRODUCT_BUNDLE_IDENTIFIER = com.erios.GoodAsOldPhones;
				PRODUCT_NAME = "$(TARGET_NAME)";
				SWIFT_VERSION = 3.0;
			};
			name = Release;
		};
/* End XCBuildConfiguration section */

/* Begin XCConfigurationList section */
		A35607321DE00D1F004B4D3C /* Build configuration list for PBXProject "GoodAsOldPhones" */ = {
			isa = XCConfigurationList;
			buildConfigurations = (
				A35607471DE00D20004B4D3C /* Debug */,
				A35607481DE00D20004B4D3C /* Release */,
			);
			defaultConfigurationIsVisible = 0;
			defaultConfigurationName = Release;
		};
		A35607491DE00D20004B4D3C /* Build configuration list for PBXNativeTarget "GoodAsOldPhones" */ = {
			isa = XCConfigurationList;
			buildConfigurations = (
				A356074A1DE00D20004B4D3C /* Debug */,
				A356074B1DE00D20004B4D3C /* Release */,
			);
			defaultConfigurationIsVisible = 0;
			defaultConfigurationName = Release;
		};
/* End XCConfigurationList section */
	};
	rootObject = A356072F1DE00D1F004B4D3C /* Project object */;
}
